
Microsoft Visual Studio Solution File, Format Version 12.00
# Visual Studio 15
VisualStudioVersion = 15.0.28307.421
MinimumVisualStudioVersion = 10.0.40219.1
Project("{9A19103F-16F7-4668-BE54-9A1E7A4F7556}") = "PSC.Xam.Components.TagEntry", "PSC.Xam.Components.TagEntry\PSC.Xam.Components.TagEntry.csproj", "{493C4775-9803-493C-BA59-9C48D4B617D8}"
EndProject
Global
	GlobalSection(SolutionConfigurationPlatforms) = preSolution
		Debug|Any CPU = Debug|Any CPU
		Release|Any CPU = Release|Any CPU
	EndGlobalSection
	GlobalSection(ProjectConfigurationPlatforms) = postSolution
		{493C4775-9803-493C-BA59-9C48D4B617D8}.Debug|Any CPU.ActiveCfg = Debug|Any CPU
		{493C4775-9803-493C-BA59-9C48D4B617D8}.Debug|Any CPU.Build.0 = Debug|Any CPU
		{493C4775-9803-493C-BA59-9C48D4B617D8}.Release|Any CPU.ActiveCfg = Release|Any CPU
		{493C4775-9803-493C-BA59-9C48D4B617D8}.Release|Any CPU.Build.0 = Release|Any CPU
	EndGlobalSection
	GlobalSection(SolutionProperties) = preSolution
		HideSolutionNode = FALSE
	EndGlobalSection
	GlobalSection(ExtensibilityGlobals) = postSolution
		SolutionGuid = {F5E29950-CCD5-47BF-B296-B0B5B6E5CADF}
	EndGlobalSection
EndGlobal
